lockfileVersion: '9.0'

settings:
  autoInstallPeers: true
  excludeLinksFromLockfile: false

importers:

  .:
    devDependencies:
      '@deepseek-ai/cordis':
        specifier: ^4.0.2
        version: 4.0.2
      '@deepseek-ai/dsh-sandbox-policy':
        specifier: 0.1.5-rc.1
        version: 0.1.5-rc.1(1357b156c0d783dc35c00bfda4652169)
      '@deepseek-ai/dsh-shell':
        specifier: 0.1.5-rc.1
        version: 0.1.5-rc.1(@deepseek-ai/cordis@4.0.2)(@deepseek-ai/dsh-sandbox@0.1.5-rc.1(@deepseek-ai/cordis@4.0.2)(@deepseek-ai/dsh-llm@0.1.5-rc.1(@deepseek-ai/cordis@4.0.2))(@deepseek-ai/dsh-session@0.1.5-rc.1(@deepseek-ai/cordis@4.0.2)(@deepseek-ai/dsh-scope@0.1.5-rc.1(@deepseek-ai/cordis@4.0.2)(@deepseek-ai/dsh-invariants@0.1.5-rc.1(@deepseek-ai/cordis@4.0.2)))))(@deepseek-ai/dsh-settings@0.1.5-rc.1(@deepseek-ai/cordis@4.0.2)(@deepseek-ai/dsh-brand@0.1.5-rc.1(@deepseek-ai/cordis@4.0.2))(@deepseek-ai/dsh-invariants@0.1.5-rc.1(@deepseek-ai/cordis@4.0.2))(@deepseek-ai/dsh-session@0.1.5-rc.1(@deepseek-ai/cordis@4.0.2)(@deepseek-ai/dsh-scope@0.1.5-rc.1(@deepseek-ai/cordis@4.0.2)(@deepseek-ai/dsh-invariants@0.1.5-rc.1(@deepseek-ai/cordis@4.0.2))))(@deepseek-ai/schemastery@3.18.2))(@deepseek-ai/dsh-subprocess@0.1.5-rc.1(@deepseek-ai/cordis@4.0.2)(@deepseek-ai/dsh-http-proxy@0.1.5-rc.1(@deepseek-ai/cordis@4.0.2)))
      '@deepseek-ai/dsh-tools':
        specifier: 0.1.5-rc.1
        version: 0.1.5-rc.1(42bef068bdb77cea11b81bec106cd1d1)
      '@types/node':
        specifier: ^26.0.0
        version: 26.2.0
      oxfmt:
        specifier: ^0.47.0
        version: 0.47.0
      oxlint:
        specifier: ^1.62.0
        version: 1.78.0
      typescript:
        specifier: ^5.0.0
        version: 5.9.3

packages:

  '@deepseek-ai/cordis@4.0.2':
    resolution: {integrity: sha512-asOnXP1TzFSFQlHb1iegDZp0z/8WD1c7YNrwJR/Tx2bzNuMXfcekE/I67Iv6SQXeLB4csxqCngzQKANP7gdw0g==}
    hasBin: true
    peerDependencies:
      '@deepseek-ai/cordis-plugin-include': ^1.0.7
      '@deepseek-ai/cordis-plugin-loader': ^1.0.3
    peerDependenciesMeta:
      '@deepseek-ai/cordis-plugin-include':
        optional: true
      '@deepseek-ai/cordis-plugin-loader':
        optional: true

  '@deepseek-ai/cosmokit@1.8.3':
    resolution: {integrity: sha512-qBo+ronVM6Eu2WNVJXi8JcMiqZ19T9BRIpV+5qJUFPXjGH/Z0QKcQMC/IZJ7L394YTOtJgcovbk9qP0w2GsBXQ==}

  '@deepseek-ai/dsh-agent@0.1.5-rc.1':
    resolution: {integrity: sha512-obIPyTSjq1y0Yhasm3mLhK5BW6Ge0VQoRT8FBt0ooLsct2+pFAjgyd7GP3KzFaz7zaEhQJ/NNEmCaU0KOsYutg==}
    peerDependencies:
      '@deepseek-ai/cordis': ^4.0.2
      '@deepseek-ai/dsh-invariants': ^0.1.5-rc.1
      '@deepseek-ai/dsh-llm': ^0.1.5-rc.1
      '@deepseek-ai/dsh-scope': ^0.1.5-rc.1
      '@deepseek-ai/dsh-session': ^0.1.5-rc.1
      '@deepseek-ai/dsh-session-projection': ^0.1.5-rc.1
      '@deepseek-ai/dsh-system-prompt': ^0.1.5-rc.1
      '@deepseek-ai/dsh-typert-protocol': ^0.1.5-rc.1
      '@deepseek-ai/dsh-util-values': ^0.1.5-rc.1

  '@deepseek-ai/dsh-brand@0.1.5-rc.1':
    resolution: {integrity: sha512-nfEsuSNghhrcvjMnjlPU55Z60K/5FjCRY4ZJtnc0SHR0PgoMl7N9I9+y4t2kDMe3rnEKlH2UgIGIZ/msGOYvpg==}
    peerDependencies:
      '@deepseek-ai/cordis': ^4.0.2

  '@deepseek-ai/dsh-code-runtime@0.1.5-rc.1':
    resolution: {integrity: sha512-DfqzMEQW42lVQjjQ6FCEmtzAuYGle1grxqrRPqdXhkDYe4aTSLJLEcqn7/BYZSI64/G1XQYvdS+jkYxbymbv3A==}
    peerDependencies:
      '@deepseek-ai/cordis': ^4.0.2

  '@deepseek-ai/dsh-http-proxy@0.1.5-rc.1':
    resolution: {integrity: sha512-uzqFRi5d6k5ZiV4Q7CxkPUKGZrURN7VBdKAS0LNuBCUApI//vA72blWC+vn2Lz0BKKb8GDrBTuD2ZwCdXIObYg==}
    peerDependencies:
      '@deepseek-ai/cordis': ^4.0.2

  '@deepseek-ai/dsh-invariants@0.1.5-rc.1':
    resolution: {integrity: sha512-iXhJJ3r34NHFEWiuc5pxXlU19hPfNclvH9Ll0X7CzQ39Oh/4UlfO3DBlLpBU7T9fE/y7/UkuI1aRt+dNeiVQsQ==}
    peerDependencies:
      '@deepseek-ai/cordis': ^4.0.2

  '@deepseek-ai/dsh-llm@0.1.5-rc.1':
    resolution: {integrity: sha512-KPKJFTNLjURphuF4NlS8DRK94CUYL/dKB8Hzg/22jtxAFO2paX3ifL0vhdPq9xPbcyplaF7LYlf0+3+pXFTnTg==}
    peerDependencies:
      '@deepseek-ai/cordis': ^4.0.2

  '@deepseek-ai/dsh-sandbox-policy@0.1.5-rc.1':
    resolution: {integrity: sha512-jLeny81NVsAiEWW8+MqmtkXJfu8CSFDPiuR8W4I/bZ7TNHrPTN7jPuk1/JlphkU4bq1N1a3iLvsDyHK+56ZLVA==}
    peerDependencies:
      '@deepseek-ai/cordis': ^4.0.2
      '@deepseek-ai/dsh-agent': ^0.1.5-rc.1
      '@deepseek-ai/dsh-invariants': ^0.1.5-rc.1
      '@deepseek-ai/dsh-sandbox': ^0.1.5-rc.1
      '@deepseek-ai/dsh-session': ^0.1.5-rc.1
      '@deepseek-ai/dsh-session-projection': ^0.1.5-rc.1
      '@deepseek-ai/dsh-system-prompt': ^0.1.5-rc.1

  '@deepseek-ai/dsh-sandbox@0.1.5-rc.1':
    resolution: {integrity: sha512-xT+oTsSE7tRZVqqcj2qDZJARoK6A+Dmhf3CWPqlaFG/83Zh41kwcW2YWE4sA+vCt2pI2iqLYRw1SftSGawOtVQ==}
    peerDependencies:
      '@deepseek-ai/cordis': ^4.0.2
      '@deepseek-ai/dsh-llm': ^0.1.5-rc.1
      '@deepseek-ai/dsh-session': ^0.1.5-rc.1

  '@deepseek-ai/dsh-scope@0.1.5-rc.1':
    resolution: {integrity: sha512-HU6AGzCCWSQUS9KoDBAPkyQqgUVp+iI9P5Zn0qzLJv3IOdt6cYvxgjt/rORryuQUR9AUj7CGFO3OYw833H7HWA==}
    peerDependencies:
      '@deepseek-ai/cordis': ^4.0.2
      '@deepseek-ai/dsh-invariants': ^0.1.5-rc.1

  '@deepseek-ai/dsh-session-projection@0.1.5-rc.1':
    resolution: {integrity: sha512-dwDS3ite9I1oOAPneA87ieHBd+szFNrTeMNF4XHRxexMbBWxNZUv62h714UMNlk2niGKsAKE56PzwlnWHmGwGg==}
    peerDependencies:
      '@deepseek-ai/cordis': ^4.0.2
      '@deepseek-ai/dsh-session': ^0.1.5-rc.1

  '@deepseek-ai/dsh-session@0.1.5-rc.1':
    resolution: {integrity: sha512-0YBBrzkCbVEJolS/OpD0DZMSozmYxUTZopiG76MXInjOFBW9J4ca1a8WUjJjqelP1nJTmWGKXp92HcvNEny0Dg==}
    peerDependencies:
      '@deepseek-ai/cordis': ^4.0.2
      '@deepseek-ai/dsh-scope': ^0.1.5-rc.1

  '@deepseek-ai/dsh-settings@0.1.5-rc.1':
    resolution: {integrity: sha512-9t6JlHwnMu7qTHpMVVRLyzfi7yWKlDozmh7Xbjjd5mmzY+dSdKTPsoRGSdGgTLvBMQBi0X2O8Kj2moDp30XKGg==}
    peerDependencies:
      '@deepseek-ai/cordis': ^4.0.2
      '@deepseek-ai/dsh-brand': ^0.1.5-rc.1
      '@deepseek-ai/dsh-invariants': ^0.1.5-rc.1
      '@deepseek-ai/dsh-session': ^0.1.5-rc.1
      '@deepseek-ai/schemastery': ^3.18.2

  '@deepseek-ai/dsh-shell@0.1.5-rc.1':
    resolution: {integrity: sha512-8V7iGmfsXDFMyftwQXemh1QLqcUysvy+bYWXr620/1B/sMn3oU8dhXvT8i4uD6VkMy2rds3XScUQ3XBl7ByMLA==}
    peerDependencies:
      '@deepseek-ai/cordis': ^4.0.2
      '@deepseek-ai/dsh-sandbox': ^0.1.5-rc.1
      '@deepseek-ai/dsh-settings': ^0.1.5-rc.1
      '@deepseek-ai/dsh-subprocess': ^0.1.5-rc.1

  '@deepseek-ai/dsh-subprocess@0.1.5-rc.1':
    resolution: {integrity: sha512-kAUwSkEn2NqDiX9J8f1CltDhaxBQau8KD1yBQ2cWJ91KdQV6cwi6F7sA6xKD7Ak46Au/YAwwNX+d7cYaKyr0iQ==}
    peerDependencies:
      '@deepseek-ai/cordis': ^4.0.2
      '@deepseek-ai/dsh-http-proxy': ^0.1.5-rc.1

  '@deepseek-ai/dsh-system-prompt@0.1.5-rc.1':
    resolution: {integrity: sha512-RAdO9biQoga1vAVTQY9J7THexiOE1FOd1Nli021MQt+Zf73c83BSd2DwXb0WDilLaMeSxZPaIRRqoXpJlpmLIA==}
    peerDependencies:
      '@deepseek-ai/cordis': ^4.0.2
      '@deepseek-ai/dsh-invariants': ^0.1.5-rc.1
      '@deepseek-ai/dsh-llm': ^0.1.5-rc.1
      '@deepseek-ai/dsh-scope': ^0.1.5-rc.1

  '@deepseek-ai/dsh-timeout@0.1.5-rc.1':
    resolution: {integrity: sha512-BcV4y/uCIm82VlIwuGsbLjAZXOxRBmjwusi637MV25hJhhGuWaKoMqAa0D/Lcfqu8hU+g3vgGJdpQvhHnG8sgQ==}
    peerDependencies:
      '@deepseek-ai/cordis': ^4.0.2

  '@deepseek-ai/dsh-tools@0.1.5-rc.1':
    resolution: {integrity: sha512-I5AUxKTqUrC0nvRO4UcpU+f65P+nKs5BUrS2nqZehhFZ2rVxhUAJ7YdORcY6pVkBTB15nPr5gK0WPgwyfS217w==}
    peerDependencies:
      '@deepseek-ai/cordis': ^4.0.2
      '@deepseek-ai/dsh-agent': ^0.1.5-rc.1
      '@deepseek-ai/dsh-code-runtime': ^0.1.5-rc.1
      '@deepseek-ai/dsh-invariants': ^0.1.5-rc.1
      '@deepseek-ai/dsh-llm': ^0.1.5-rc.1
      '@deepseek-ai/dsh-scope': ^0.1.5-rc.1
      '@deepseek-ai/dsh-session': ^0.1.5-rc.1
      '@deepseek-ai/dsh-system-prompt': ^0.1.5-rc.1
      '@deepseek-ai/dsh-user-approval': ^0.1.5-rc.1

  '@deepseek-ai/dsh-typert-protocol@0.1.5-rc.1':
    resolution: {integrity: sha512-HBxnSnvjiYPlir6An+/W+66dTRQnwpbNUbtOH6e5LHuV4CcHL5yrimTbMI04olJM9w2U9FyfwDOzmW6uqWjAew==}
    peerDependencies:
      '@deepseek-ai/cordis': ^4.0.2

  '@deepseek-ai/dsh-user-approval@0.1.5-rc.1':
    resolution: {integrity: sha512-fSxEBvHQnozIh5HV31t2BNodYzyv7iE2srna7p5k0Y/3R9c6DdoZyQZ9momcN9gloraq8HK5+cvrYHzgc4LYPQ==}
    peerDependencies:
      '@deepseek-ai/cordis': ^4.0.2
      '@deepseek-ai/dsh-agent': ^0.1.5-rc.1
      '@deepseek-ai/dsh-brand': ^0.1.5-rc.1
      '@deepseek-ai/dsh-invariants': ^0.1.5-rc.1
      '@deepseek-ai/dsh-llm': ^0.1.5-rc.1
      '@deepseek-ai/dsh-scope': ^0.1.5-rc.1
      '@deepseek-ai/dsh-session': ^0.1.5-rc.1
      '@deepseek-ai/dsh-system-prompt': ^0.1.5-rc.1

  '@deepseek-ai/dsh-util-crypto@0.1.5-rc.1':
    resolution: {integrity: sha512-8ZosLrwbXdsWRlZ/0Yu85GMhKbFHqGD+ayiFzABXGb3sxfG6nbQQWKtv1sRr77wJ6wYvM2R9rPOg+EDWkGocqQ==}
    peerDependencies:
      '@deepseek-ai/cordis': ^4.0.2

  '@deepseek-ai/dsh-util-values@0.1.5-rc.1':
    resolution: {integrity: sha512-iHH62b+Mc0ueLHn1OQGLOC6+WMqjyK2+wxCkaiQGoGHBAyRGQBnBWiFAOGxp2xIElCXsc1mU1nrkN8D6jppYQg==}
    peerDependencies:
      '@deepseek-ai/cordis': ^4.0.2

  '@deepseek-ai/schemastery@3.18.2':
    resolution: {integrity: sha512-njDtZsznjYxok7KLLlHOPyuv2efdWVbSflAHgztSfbMsg+CVraEoRe2DjOCgClYv3ZCSm7WXoaUkbB/+RY7tWQ==}

  '@oxfmt/binding-android-arm-eabi@0.47.0':
    resolution: {integrity: sha512-KrMQRdMi/upr81qT4ijK6X6BNp6jqpMY7FwILQnwIy9QLc3qpnhUx5rsCLGzn4ewsCQ0CNAspN2ogmP1GXLyLw==}
    engines: {node: ^20.19.0 || >=22.12.0}
    cpu: [arm]
    os: [android]

  '@oxfmt/binding-android-arm64@0.47.0':
    resolution: {integrity: sha512-r4ixS/PeUpAFKgrpDoZ5pSkthjZzVzKd95525Aazj+aOv9H4ulK5zYHGb7wFY5n5kZxHK8TbOJUZgoEb1ohddQ==}
    engines: {node: ^20.19.0 || >=22.12.0}
    cpu: [arm64]
    os: [android]

  '@oxfmt/binding-darwin-arm64@0.47.0':
    resolution: {integrity: sha512-CLWxiKpMl+195cm09CuaWEhJK0CirRkoMa07aR9+9AFPat2LfIKtwx1JqxZM0MTvcMe6+adlJNdVL6jdInvq3g==}
    engines: {node: ^20.19.0 || >=22.12.0}
    cpu: [arm64]
    os: [darwin]

  '@oxfmt/binding-darwin-x64@0.47.0':
    resolution: {integrity: sha512-Xq5fjTYDC50faUeLSm0rZdBqoTgleXEdD7NpJdARtQIczkCJn3xNjMUSQQkUmh4CtxkKTNL68lytcOK3e/osgg==}
    engines: {node: ^20.19.0 || >=22.12.0}
    cpu: [x64]
    os: [darwin]

  '@oxfmt/binding-freebsd-x64@0.47.0':
    resolution: {integrity: sha512-QOU9ZIJ52p5askcEC0QJvvr8trHAWoonul8bgISo6gYUL3s50zkqafBYcNAr9LJZQbsZtPfIWHk9+5+nUp1qJQ==}
    engines: {node: ^20.19.0 || >=22.12.0}
    cpu: [x64]
    os: [freebsd]

  '@oxfmt/binding-linux-arm-gnueabihf@0.47.0':
    resolution: {integrity: sha512-oJxDM1aBhPvz9gmElBv8UpxyiqhwfjcbrSxT5F0xtuUzY6dQI27/AQPIt3eu3Z5Yvn0kQl5R7MA3Z+MbnRvCBw==}
    engines: {node: ^20.19.0 || >=22.12.0}
    cpu: [arm]
    os: [linux]

  '@oxfmt/binding-linux-arm-musleabihf@0.47.0':
    resolution: {integrity: sha512-g8Lh50VS4ibGz2q6v7r9UZY4D0dM16SdrFYOMzhqIoCwGcai8VMIRUAcqn1/jlCsOOzUXJ741+kCeJt0cofakQ==}
    engines: {node: ^20.19.0 || >=22.12.0}
    cpu: [arm]
    os: [linux]

  '@oxfmt/binding-linux-arm64-gnu@0.47.0':
    resolution: {integrity: sha512-YrNT1vQ0asaXoRbrvYENPqmBfOQ9Xr8enPNOULeYfg44VjCcrUowFy5QZr+WawE0zyP8cH9e9Gxxg0fDEFzhcg==}
    engines: {node: ^20.19.0 || >=22.12.0}
    cpu: [arm64]
    os: [linux]
    libc: [glibc]

  '@oxfmt/binding-linux-arm64-musl@0.47.0':
    resolution: {integrity: sha512-IxtQC/sbBi4ubbY+MdwdanRWrG9InQJVZqyMsBa5IUaQcnSg86gQme574HxXMC1p4bo4YhV99zQ+wNnGCvEgzw==}
    engines: {node: ^20.19.0 || >=22.12.0}
    cpu: [arm64]
    os: [linux]
    libc: [musl]

  '@oxfmt/binding-linux-ppc64-gnu@0.47.0':
    resolution: {integrity: sha512-EWXEhOMbWO0q6eJSbu0QLkU8cKi0ljlYLngeDs2Ocu/pm1rrLwyQiYzlFbdnMRURI4w9ndr1sI9rSbhlJ5o23Q==}
    engines: {node: ^20.19.0 || >=22.12.0}
    cpu: [ppc64]
    os: [linux]
    libc: [glibc]

  '@oxfmt/binding-linux-riscv64-gnu@0.47.0':
    resolution: {integrity: sha512-tZrjS11TUiDuEpRaqdk8K9F9xETRyKXfuZKmdeW+Gj7coBnm7+8sBEfyt033EAFEQSlkniAXvBLh+Qja2ioGBQ==}
    engines: {node: ^20.19.0 || >=22.12.0}
    cpu: [riscv64]
    os: [linux]
    libc: [glibc]

  '@oxfmt/binding-linux-riscv64-musl@0.47.0':
    resolution: {integrity: sha512-KBFy+2CFKUCZzYwX2ZOPQKck1vjQbz+hextuc19G4r0WRJwadfAeuQMQRQvB+Ivc8brlbOVg7et8K7E467440g==}
    engines: {node: ^20.19.0 || >=22.12.0}
    cpu: [riscv64]
    os: [linux]
    libc: [musl]

  '@oxfmt/binding-linux-s390x-gnu@0.47.0':
    resolution: {integrity: sha512-REUPFKVGSiK99B+9eaPhluEVglzaoj/SMykNC5SUiV2RSsBfV5lWN7Y0iCIc251Wz3GaeAGZsJ/zj3gjarxdFg==}
    engines: {node: ^20.19.0 || >=22.12.0}
    cpu: [s390x]
    os: [linux]
    libc: [glibc]

  '@oxfmt/binding-linux-x64-gnu@0.47.0':
    resolution: {integrity: sha512-KVftVSVEDeIfRW3TIeLe3aNI/iY4m1fu5mDwHcisKMZSCMKLkrhFsjowC7o9RoqNPxbbglm2+/6KAKBIts2t0Q==}
    engines: {node: ^20.19.0 || >=22.12.0}
    cpu: [x64]
    os: [linux]
    libc: [glibc]

  '@oxfmt/binding-linux-x64-musl@0.47.0':
    resolution: {integrity: sha512-DTsmGEaA2860Aq5VUyDO8/MT9NFxwVL93RnRYmpMwK6DsSkThmvEpqoUDDljziEpAedMRG19SCogrNbINSbLUQ==}
    engines: {node: ^20.19.0 || >=22.12.0}
    cpu: [x64]
    os: [linux]
    libc: [musl]

  '@oxfmt/binding-openharmony-arm64@0.47.0':
    resolution: {integrity: sha512-8r5BDro7fLOBoq1JXHLVSs55OlrxQhEso4HVo0TcY7OXJUPYfjPoOaYL5us+yIwqyP9rQwN+rxuiNFSmaxSuOQ==}
    engines: {node: ^20.19.0 || >=22.12.0}
    cpu: [arm64]
    os: [openharmony]

  '@oxfmt/binding-win32-arm64-msvc@0.47.0':
    resolution: {integrity: sha512-qtz/gzm8IjSPUlseZ0ofW8zyHLoZsuP5HTfcGGkWkUblB89JT8GNYH3ICqjbDsqsGqXum0/ZndXTFplSdXFIcg==}
    engines: {node: ^20.19.0 || >=22.12.0}
    cpu: [arm64]
    os: [win32]

  '@oxfmt/binding-win32-ia32-msvc@0.47.0':
    resolution: {integrity: sha512-5vIcdcIDE7nCx+MXN6sm8kbC4zajDB31E86rez4i45iHNH/2NjdKlJ720xcHTr3eeiMcttCGPHPhE1TjtBDGZw==}
    engines: {node: ^20.19.0 || >=22.12.0}
    cpu: [ia32]
    os: [win32]

  '@oxfmt/binding-win32-x64-msvc@0.47.0':
    resolution: {integrity: sha512-Sr59Y5ms54ONBjxFeWhVlGyQcHXxcl9DxC23f6yXlRkcos7LXBLoO+KDfxexjHIOZh7cWqrWduzvUjJ+pHp8cQ==}
    engines: {node: ^20.19.0 || >=22.12.0}
    cpu: [x64]
    os: [win32]

  '@oxlint/binding-android-arm-eabi@1.78.0':
    resolution: {integrity: sha512-Bu819lmAfZMUHErrpe0cEWj3iaefuUODHSU8+UbXy67V/r7/7f4K3FL0NmbD85E+wiFLDYuhP8Zlv0XnVeXshw==}
    engines: {node: ^20.19.0 || >=22.12.0}
    cpu: [arm]
    os: [android]

  '@oxlint/binding-android-arm64@1.78.0':
    resolution: {integrity: sha512-CDfxZgB61B7buRdY2FJoAYYPPXCZ1EoC1LKscnC5dg3kjobdxiconvAvvN1BmHyW4PyFT3jRLDag/BY/roSNBQ==}
    engines: {node: ^20.19.0 || >=22.12.0}
    cpu: [arm64]
    os: [android]

  '@oxlint/binding-darwin-arm64@1.78.0':
    resolution: {integrity: sha512-2Y2U9Ahrz+OO0Ej88f9SJYq51/jUBp1Mc7iZu0ukrbeeZ3gpRGfzIFnoqfHDY96xr0GEfNrPUBFEy0nN5aD7HA==}
    engines: {node: ^20.19.0 || >=22.12.0}
    cpu: [arm64]
    os: [darwin]

  '@oxlint/binding-darwin-x64@1.78.0':
    resolution: {integrity: sha512-rpych6eJq6m9jDRypTEaPD1xysaEW5h9+xuxhGK/QhOg+/xaqPZrCrTNoIl/f3nEjuJeCEmstNDlrE9rJi/3/g==}
    engines: {node: ^20.19.0 || >=22.12.0}
    cpu: [x64]
    os: [darwin]

  '@oxlint/binding-freebsd-x64@1.78.0':
    resolution: {integrity: sha512-IcMGrQT3QizkOESUJd5et+rOhVqSkNDfNik1cvrKDqIbzqx9KMtRswpFgkCuNTSwylCFLKhGUu8KmqY1ZnC0Dg==}
    engines: {node: ^20.19.0 || >=22.12.0}
    cpu: [x64]
    os: [freebsd]

  '@oxlint/binding-linux-arm-gnueabihf@1.78.0':
    resolution: {integrity: sha512-/uLdoJ0IXE6vo/0f0LKjinQAp+re+VMaCWaNT8ENIv2EOCkSsc8SGaflXAuW0Jua2dq5+GLVWm1NQK7P3UFSNQ==}
    engines: {node: ^20.19.0 || >=22.12.0}
    cpu: [arm]
    os: [linux]

  '@oxlint/binding-linux-arm-musleabihf@1.78.0':
    resolution: {integrity: sha512-7xi4Wb/O8NRJhLoUXmDJMUVpNYvB5kefdhFU1Jb8rtae4QoXlTiLwI14X4YvAXVZLNZChP8m5qO9SQAlWQTbkQ==}
    engines: {node: ^20.19.0 || >=22.12.0}
    cpu: [arm]
    os: [linux]

  '@oxlint/binding-linux-arm64-gnu@1.78.0':
    resolution: {integrity: sha512-4hFW0+fVXa3OIh1Y4A5SPkmvI4wuuBSrCVKzOyE7PTjhc7yEqZ1pmvEEeS5Lj/MaqvegFxXyF33N+6jkehxdyg==}
    engines: {node: ^20.19.0 || >=22.12.0}
    cpu: [arm64]
    os: [linux]
    libc: [glibc]

  '@oxlint/binding-linux-arm64-musl@1.78.0':
    resolution: {integrity: sha512-oC0mvsgBJjlMijSDEhx9KuvR9zYeHXceA9MjbuXB1F8NSR78Yj2unOBrstEvTVaq+pko+kuue6DajC00eqvTdg==}
    engines: {node: ^20.19.0 || >=22.12.0}
    cpu: [arm64]
    os: [linux]
    libc: [musl]

  '@oxlint/binding-linux-ppc64-gnu@1.78.0':
    resolution: {integrity: sha512-XAllT5SUZS+ohjuZ3/5S0cwe0r7eboiuigeStCZ5DXRYx/2KVM2UvQXvAfyzXEimtQjAB7cDQ2YxDe2Zl2WNQQ==}
    engines: {node: ^20.19.0 || >=22.12.0}
    cpu: [ppc64]
    os: [linux]
    libc: [glibc]

  '@oxlint/binding-linux-riscv64-gnu@1.78.0':
    resolution: {integrity: sha512-trucMER/0QtecoXvc1y/UVqE3kwJipDwrx4oHfj+nNm3dq2zjP44WT0CfHNDPM3G1DXIkx/gY6lAD21NSCZVhA==}
    engines: {node: ^20.19.0 || >=22.12.0}
    cpu: [riscv64]
    os: [linux]
    libc: [glibc]

  '@oxlint/binding-linux-riscv64-musl@1.78.0':
    resolution: {integrity: sha512-cm3O4F/HQbdzOUX5mKHqG5KDL6E5w0pnlZ+fbBy2rmLryPOowkuLagFHTopQsEIpjcaZoPOrL+BmmAytAG9HFg==}
    engines: {node: ^20.19.0 || >=22.12.0}
    cpu: [riscv64]
    os: [linux]
    libc: [musl]

  '@oxlint/binding-linux-s390x-gnu@1.78.0':
    resolution: {integrity: sha512-33wRf6HqGNsybJ3qX4cGaQN2ODPxNmc1rMa0mrTmx3eFq1VzOnvQooi9bIGVYakW8a/wmqVx1mgsUm8R2xfTiw==}
    engines: {node: ^20.19.0 || >=22.12.0}
    cpu: [s390x]
    os: [linux]
    libc: [glibc]

  '@oxlint/binding-linux-x64-gnu@1.78.0':
    resolution: {integrity: sha512-rRdISSYegj6VganMZ9tjRjijowfHJ09IZU01i0toBAqr6n5LEtwHq2IeS4FjW2RoskOHlb6efB26H5izYb3GEQ==}
    engines: {node: ^20.19.0 || >=22.12.0}
    cpu: [x64]
    os: [linux]
    libc: [glibc]

  '@oxlint/binding-linux-x64-musl@1.78.0':
    resolution: {integrity: sha512-GmsP4rW0xTL6u5CVdcDsaN5Fbc7hBc382Wmar1kttbnwSEviM+rSINKOMQ+UQ6iH+AGwC+8gaAiwu134Tgh6Lg==}
    engines: {node: ^20.19.0 || >=22.12.0}
    cpu: [x64]
    os: [linux]
    libc: [musl]

  '@oxlint/binding-openharmony-arm64@1.78.0':
    resolution: {integrity: sha512-sy9yeYuADc8a+n4TLBayzMCZiHPW78DcIFVpOXTmdKHWQeM9xe5uzkqIIZmi326D5hY9XVwacipEB1p7tQjPAg==}
    engines: {node: ^20.19.0 || >=22.12.0}
    cpu: [arm64]
    os: [openharmony]

  '@oxlint/binding-win32-arm64-msvc@1.78.0':
    resolution: {integrity: sha512-rjc2hF1KfMi8fZj1X/m3AmnHbdsF3rL0v6KQg0Uc880Yb2khjz+3U14sfdZ7jWTpRnN1m1NQa/TT7uU9lJWPrA==}
    engines: {node: ^20.19.0 || >=22.12.0}
    cpu: [arm64]
    os: [win32]

  '@oxlint/binding-win32-ia32-msvc@1.78.0':
    resolution: {integrity: sha512-zcuXFVrEFHIafRfkCQT8w/Xe41o07ozl/vwHq7p94vB29xVzsB0sZGYORU1jhcYKv3Lr0J3HbJ2T4fHH5rWmvA==}
    engines: {node: ^20.19.0 || >=22.12.0}
    cpu: [ia32]
    os: [win32]

  '@oxlint/binding-win32-x64-msvc@1.78.0':
    resolution: {integrity: sha512-Sb5ocmLSuYeOuXd+CFOToGKp/gjXUEWDnvIGwhnh8aq8wY4TMmEnKnvbogSW7RdMZv77JSARduS7/gv+khYEjA==}
    engines: {node: ^20.19.0 || >=22.12.0}
    cpu: [x64]
    os: [win32]

  '@standard-schema/spec@1.1.0':
    resolution: {integrity: sha512-l2aFy5jALhniG5HgqrD6jXLi/rUWrKvqN/qJx6yoJsgKhblVd+iqqU4RCXavm/jPityDo5TCvKMnpjKnOriy0w==}

  '@types/node@26.2.0':
    resolution: {integrity: sha512-5IviulTZeRNp2vAJ514cc/HUlY5nZ9fCbq9DMyC52BrhFZACo3nI0R7qBxhQmo/d27NFe96ur/b7Wwxklda+kg==}

  oxfmt@0.47.0:
    resolution: {integrity: sha512-OFbkbzxKCpooQEnRmpTDnuwTX8KHXzZTQ4Df/hz85fpS67Pl+lxPEFvUtin56HIIS0B1k4X8oIzTXRZPufA2CA==}
    engines: {node: ^20.19.0 || >=22.12.0}
    hasBin: true

  oxlint@1.78.0:
    resolution: {integrity: sha512-QgQePuxIqKOzo1KSjG2EnITEeWvWnKAm77eq8nrMtf6AGoA+zyGc4PFYtDNJSD25g/ibOwfQ851hZ4/SPkMVoA==}
    engines: {node: ^20.19.0 || >=22.12.0}
    hasBin: true
    peerDependencies:
      oxlint-tsgolint: '>=7.0.2001'
      vite-plus: '*'
    peerDependenciesMeta:
      oxlint-tsgolint:
        optional: true
      vite-plus:
        optional: true

  tinypool@2.1.0:
    resolution: {integrity: sha512-Pugqs6M0m7Lv1I7FtxN4aoyToKg1C4tu+/381vH35y8oENM/Ai7f7C4StcoK4/+BSw9ebcS8jRiVrORFKCALLw==}
    engines: {node: ^20.0.0 || >=22.0.0}

  typescript@5.9.3:
    resolution: {integrity: sha512-jl1vZzPDinLr9eUt3J/t7V6FgNEw9QjvBPdysz9KfQDD41fQrC2Y4vKQdiaUpFT4bXlb1RHhLpp8wtm6M5TgSw==}
    engines: {node: '>=14.17'}
    hasBin: true

  undici-types@8.3.0:
    resolution: {integrity: sha512-j375ScV60dom+YkPFIfTLcOiPxkN/buHz5GobjLhixFuANaNs3C9l4GmrWqejgXWJ7BbJcFYpTEUkS1Ge8bpZQ==}

  undici@8.10.2:
    resolution: {integrity: sha512-/y4/bH9YNU5hi9NIrpOuvGXFcxrj3CMrV+/AYpowAYTpHn8gX/XPFjNy766FPoYY0miQhdW977JFWKGNhBdwyQ==}
    engines: {node: '>=22.19.0'}

  zod@4.5.4:
    resolution: {integrity: sha512-sC95tT5iHHH9gtpj6A81kh+NEaRAUFN+qlUPDUbRfOMvNf5QCBqsb3WgvnpVtK5Y+4UfA6KqufotuTvMGiTlsA==}

snapshots:

  '@deepseek-ai/cordis@4.0.2':
    dependencies:
      '@deepseek-ai/cosmokit': 1.8.3
      '@standard-schema/spec': 1.1.0

  '@deepseek-ai/cosmokit@1.8.3': {}

  '@deepseek-ai/dsh-agent@0.1.5-rc.1(011efc65c149ca53f6af28580be53483)':
    dependencies:
      '@deepseek-ai/cordis': 4.0.2
      '@deepseek-ai/dsh-invariants': 0.1.5-rc.1(@deepseek-ai/cordis@4.0.2)
      '@deepseek-ai/dsh-llm': 0.1.5-rc.1(@deepseek-ai/cordis@4.0.2)
      '@deepseek-ai/dsh-scope': 0.1.5-rc.1(@deepseek-ai/cordis@4.0.2)(@deepseek-ai/dsh-invariants@0.1.5-rc.1(@deepseek-ai/cordis@4.0.2))
      '@deepseek-ai/dsh-session': 0.1.5-rc.1(@deepseek-ai/cordis@4.0.2)(@deepseek-ai/dsh-scope@0.1.5-rc.1(@deepseek-ai/cordis@4.0.2)(@deepseek-ai/dsh-invariants@0.1.5-rc.1(@deepseek-ai/cordis@4.0.2)))
      '@deepseek-ai/dsh-session-projection': 0.1.5-rc.1(@deepseek-ai/cordis@4.0.2)(@deepseek-ai/dsh-session@0.1.5-rc.1(@deepseek-ai/cordis@4.0.2)(@deepseek-ai/dsh-scope@0.1.5-rc.1(@deepseek-ai/cordis@4.0.2)(@deepseek-ai/dsh-invariants@0.1.5-rc.1(@deepseek-ai/cordis@4.0.2))))
      '@deepseek-ai/dsh-system-prompt': 0.1.5-rc.1(@deepseek-ai/cordis@4.0.2)(@deepseek-ai/dsh-invariants@0.1.5-rc.1(@deepseek-ai/cordis@4.0.2))(@deepseek-ai/dsh-llm@0.1.5-rc.1(@deepseek-ai/cordis@4.0.2))(@deepseek-ai/dsh-scope@0.1.5-rc.1(@deepseek-ai/cordis@4.0.2)(@deepseek-ai/dsh-invariants@0.1.5-rc.1(@deepseek-ai/cordis@4.0.2)))
      '@deepseek-ai/dsh-typert-protocol': 0.1.5-rc.1(@deepseek-ai/cordis@4.0.2)
      '@deepseek-ai/dsh-util-values': 0.1.5-rc.1(@deepseek-ai/cordis@4.0.2)

  '@deepseek-ai/dsh-brand@0.1.5-rc.1(@deepseek-ai/cordis@4.0.2)':
    dependencies:
      '@deepseek-ai/cordis': 4.0.2

  '@deepseek-ai/dsh-code-runtime@0.1.5-rc.1(@deepseek-ai/cordis@4.0.2)':
    dependencies:
      '@deepseek-ai/cordis': 4.0.2

  '@deepseek-ai/dsh-http-proxy@0.1.5-rc.1(@deepseek-ai/cordis@4.0.2)':
    dependencies:
      '@deepseek-ai/cordis': 4.0.2
      undici: 8.10.2

  '@deepseek-ai/dsh-invariants@0.1.5-rc.1(@deepseek-ai/cordis@4.0.2)':
    dependencies:
      '@deepseek-ai/cordis': 4.0.2
      '@deepseek-ai/schemastery': 3.18.2

  '@deepseek-ai/dsh-llm@0.1.5-rc.1(@deepseek-ai/cordis@4.0.2)':
    dependencies:
      '@deepseek-ai/cordis': 4.0.2
      '@deepseek-ai/dsh-brand': 0.1.5-rc.1(@deepseek-ai/cordis@4.0.2)
      '@deepseek-ai/dsh-timeout': 0.1.5-rc.1(@deepseek-ai/cordis@4.0.2)
      '@deepseek-ai/dsh-typert-protocol': 0.1.5-rc.1(@deepseek-ai/cordis@4.0.2)
      '@deepseek-ai/dsh-util-crypto': 0.1.5-rc.1(@deepseek-ai/cordis@4.0.2)
      '@deepseek-ai/dsh-util-values': 0.1.5-rc.1(@deepseek-ai/cordis@4.0.2)
      '@deepseek-ai/schemastery': 3.18.2
      zod: 4.5.4

  '@deepseek-ai/dsh-sandbox-policy@0.1.5-rc.1(1357b156c0d783dc35c00bfda4652169)':
    dependencies:
      '@deepseek-ai/cordis': 4.0.2
      '@deepseek-ai/dsh-agent': 0.1.5-rc.1(011efc65c149ca53f6af28580be53483)
      '@deepseek-ai/dsh-invariants': 0.1.5-rc.1(@deepseek-ai/cordis@4.0.2)
      '@deepseek-ai/dsh-sandbox': 0.1.5-rc.1(@deepseek-ai/cordis@4.0.2)(@deepseek-ai/dsh-llm@0.1.5-rc.1(@deepseek-ai/cordis@4.0.2))(@deepseek-ai/dsh-session@0.1.5-rc.1(@deepseek-ai/cordis@4.0.2)(@deepseek-ai/dsh-scope@0.1.5-rc.1(@deepseek-ai/cordis@4.0.2)(@deepseek-ai/dsh-invariants@0.1.5-rc.1(@deepseek-ai/cordis@4.0.2))))
      '@deepseek-ai/dsh-session': 0.1.5-rc.1(@deepseek-ai/cordis@4.0.2)(@deepseek-ai/dsh-scope@0.1.5-rc.1(@deepseek-ai/cordis@4.0.2)(@deepseek-ai/dsh-invariants@0.1.5-rc.1(@deepseek-ai/cordis@4.0.2)))
      '@deepseek-ai/dsh-session-projection': 0.1.5-rc.1(@deepseek-ai/cordis@4.0.2)(@deepseek-ai/dsh-session@0.1.5-rc.1(@deepseek-ai/cordis@4.0.2)(@deepseek-ai/dsh-scope@0.1.5-rc.1(@deepseek-ai/cordis@4.0.2)(@deepseek-ai/dsh-invariants@0.1.5-rc.1(@deepseek-ai/cordis@4.0.2))))
      '@deepseek-ai/dsh-system-prompt': 0.1.5-rc.1(@deepseek-ai/cordis@4.0.2)(@deepseek-ai/dsh-invariants@0.1.5-rc.1(@deepseek-ai/cordis@4.0.2))(@deepseek-ai/dsh-llm@0.1.5-rc.1(@deepseek-ai/cordis@4.0.2))(@deepseek-ai/dsh-scope@0.1.5-rc.1(@deepseek-ai/cordis@4.0.2)(@deepseek-ai/dsh-invariants@0.1.5-rc.1(@deepseek-ai/cordis@4.0.2)))
      '@deepseek-ai/schemastery': 3.18.2
      zod: 4.5.4

  '@deepseek-ai/dsh-sandbox@0.1.5-rc.1(@deepseek-ai/cordis@4.0.2)(@deepseek-ai/dsh-llm@0.1.5-rc.1(@deepseek-ai/cordis@4.0.2))(@deepseek-ai/dsh-session@0.1.5-rc.1(@deepseek-ai/cordis@4.0.2)(@deepseek-ai/dsh-scope@0.1.5-rc.1(@deepseek-ai/cordis@4.0.2)(@deepseek-ai/dsh-invariants@0.1.5-rc.1(@deepseek-ai/cordis@4.0.2))))':
    dependencies:
      '@deepseek-ai/cordis': 4.0.2
      '@deepseek-ai/dsh-llm': 0.1.5-rc.1(@deepseek-ai/cordis@4.0.2)
      '@deepseek-ai/dsh-session': 0.1.5-rc.1(@deepseek-ai/cordis@4.0.2)(@deepseek-ai/dsh-scope@0.1.5-rc.1(@deepseek-ai/cordis@4.0.2)(@deepseek-ai/dsh-invariants@0.1.5-rc.1(@deepseek-ai/cordis@4.0.2)))
      '@deepseek-ai/dsh-util-values': 0.1.5-rc.1(@deepseek-ai/cordis@4.0.2)

  '@deepseek-ai/dsh-scope@0.1.5-rc.1(@deepseek-ai/cordis@4.0.2)(@deepseek-ai/dsh-invariants@0.1.5-rc.1(@deepseek-ai/cordis@4.0.2))':
    dependencies:
      '@deepseek-ai/cordis': 4.0.2
      '@deepseek-ai/dsh-invariants': 0.1.5-rc.1(@deepseek-ai/cordis@4.0.2)

  '@deepseek-ai/dsh-session-projection@0.1.5-rc.1(@deepseek-ai/cordis@4.0.2)(@deepseek-ai/dsh-session@0.1.5-rc.1(@deepseek-ai/cordis@4.0.2)(@deepseek-ai/dsh-scope@0.1.5-rc.1(@deepseek-ai/cordis@4.0.2)(@deepseek-ai/dsh-invariants@0.1.5-rc.1(@deepseek-ai/cordis@4.0.2))))':
    dependencies:
      '@deepseek-ai/cordis': 4.0.2
      '@deepseek-ai/dsh-session': 0.1.5-rc.1(@deepseek-ai/cordis@4.0.2)(@deepseek-ai/dsh-scope@0.1.5-rc.1(@deepseek-ai/cordis@4.0.2)(@deepseek-ai/dsh-invariants@0.1.5-rc.1(@deepseek-ai/cordis@4.0.2)))
      zod: 4.5.4

  '@deepseek-ai/dsh-session@0.1.5-rc.1(@deepseek-ai/cordis@4.0.2)(@deepseek-ai/dsh-scope@0.1.5-rc.1(@deepseek-ai/cordis@4.0.2)(@deepseek-ai/dsh-invariants@0.1.5-rc.1(@deepseek-ai/cordis@4.0.2)))':
    dependencies:
      '@deepseek-ai/cordis': 4.0.2
      '@deepseek-ai/dsh-brand': 0.1.5-rc.1(@deepseek-ai/cordis@4.0.2)
      '@deepseek-ai/dsh-llm': 0.1.5-rc.1(@deepseek-ai/cordis@4.0.2)
      '@deepseek-ai/dsh-scope': 0.1.5-rc.1(@deepseek-ai/cordis@4.0.2)(@deepseek-ai/dsh-invariants@0.1.5-rc.1(@deepseek-ai/cordis@4.0.2))
      '@deepseek-ai/dsh-util-values': 0.1.5-rc.1(@deepseek-ai/cordis@4.0.2)

  '@deepseek-ai/dsh-settings@0.1.5-rc.1(@deepseek-ai/cordis@4.0.2)(@deepseek-ai/dsh-brand@0.1.5-rc.1(@deepseek-ai/cordis@4.0.2))(@deepseek-ai/dsh-invariants@0.1.5-rc.1(@deepseek-ai/cordis@4.0.2))(@deepseek-ai/dsh-session@0.1.5-rc.1(@deepseek-ai/cordis@4.0.2)(@deepseek-ai/dsh-scope@0.1.5-rc.1(@deepseek-ai/cordis@4.0.2)(@deepseek-ai/dsh-invariants@0.1.5-rc.1(@deepseek-ai/cordis@4.0.2))))(@deepseek-ai/schemastery@3.18.2)':
    dependencies:
      '@deepseek-ai/cordis': 4.0.2
      '@deepseek-ai/dsh-brand': 0.1.5-rc.1(@deepseek-ai/cordis@4.0.2)
      '@deepseek-ai/dsh-invariants': 0.1.5-rc.1(@deepseek-ai/cordis@4.0.2)
      '@deepseek-ai/dsh-session': 0.1.5-rc.1(@deepseek-ai/cordis@4.0.2)(@deepseek-ai/dsh-scope@0.1.5-rc.1(@deepseek-ai/cordis@4.0.2)(@deepseek-ai/dsh-invariants@0.1.5-rc.1(@deepseek-ai/cordis@4.0.2)))
      '@deepseek-ai/dsh-util-values': 0.1.5-rc.1(@deepseek-ai/cordis@4.0.2)
      '@deepseek-ai/schemastery': 3.18.2

  '@deepseek-ai/dsh-shell@0.1.5-rc.1(@deepseek-ai/cordis@4.0.2)(@deepseek-ai/dsh-sandbox@0.1.5-rc.1(@deepseek-ai/cordis@4.0.2)(@deepseek-ai/dsh-llm@0.1.5-rc.1(@deepseek-ai/cordis@4.0.2))(@deepseek-ai/dsh-session@0.1.5-rc.1(@deepseek-ai/cordis@4.0.2)(@deepseek-ai/dsh-scope@0.1.5-rc.1(@deepseek-ai/cordis@4.0.2)(@deepseek-ai/dsh-invariants@0.1.5-rc.1(@deepseek-ai/cordis@4.0.2)))))(@deepseek-ai/dsh-settings@0.1.5-rc.1(@deepseek-ai/cordis@4.0.2)(@deepseek-ai/dsh-brand@0.1.5-rc.1(@deepseek-ai/cordis@4.0.2))(@deepseek-ai/dsh-invariants@0.1.5-rc.1(@deepseek-ai/cordis@4.0.2))(@deepseek-ai/dsh-session@0.1.5-rc.1(@deepseek-ai/cordis@4.0.2)(@deepseek-ai/dsh-scope@0.1.5-rc.1(@deepseek-ai/cordis@4.0.2)(@deepseek-ai/dsh-invariants@0.1.5-rc.1(@deepseek-ai/cordis@4.0.2))))(@deepseek-ai/schemastery@3.18.2))(@deepseek-ai/dsh-subprocess@0.1.5-rc.1(@deepseek-ai/cordis@4.0.2)(@deepseek-ai/dsh-http-proxy@0.1.5-rc.1(@deepseek-ai/cordis@4.0.2)))':
    dependencies:
      '@deepseek-ai/cordis': 4.0.2
      '@deepseek-ai/dsh-sandbox': 0.1.5-rc.1(@deepseek-ai/cordis@4.0.2)(@deepseek-ai/dsh-llm@0.1.5-rc.1(@deepseek-ai/cordis@4.0.2))(@deepseek-ai/dsh-session@0.1.5-rc.1(@deepseek-ai/cordis@4.0.2)(@deepseek-ai/dsh-scope@0.1.5-rc.1(@deepseek-ai/cordis@4.0.2)(@deepseek-ai/dsh-invariants@0.1.5-rc.1(@deepseek-ai/cordis@4.0.2))))
      '@deepseek-ai/dsh-settings': 0.1.5-rc.1(@deepseek-ai/cordis@4.0.2)(@deepseek-ai/dsh-brand@0.1.5-rc.1(@deepseek-ai/cordis@4.0.2))(@deepseek-ai/dsh-invariants@0.1.5-rc.1(@deepseek-ai/cordis@4.0.2))(@deepseek-ai/dsh-session@0.1.5-rc.1(@deepseek-ai/cordis@4.0.2)(@deepseek-ai/dsh-scope@0.1.5-rc.1(@deepseek-ai/cordis@4.0.2)(@deepseek-ai/dsh-invariants@0.1.5-rc.1(@deepseek-ai/cordis@4.0.2))))(@deepseek-ai/schemastery@3.18.2)
      '@deepseek-ai/dsh-subprocess': 0.1.5-rc.1(@deepseek-ai/cordis@4.0.2)(@deepseek-ai/dsh-http-proxy@0.1.5-rc.1(@deepseek-ai/cordis@4.0.2))

  '@deepseek-ai/dsh-subprocess@0.1.5-rc.1(@deepseek-ai/cordis@4.0.2)(@deepseek-ai/dsh-http-proxy@0.1.5-rc.1(@deepseek-ai/cordis@4.0.2))':
    dependencies:
      '@deepseek-ai/cordis': 4.0.2
      '@deepseek-ai/dsh-http-proxy': 0.1.5-rc.1(@deepseek-ai/cordis@4.0.2)

  '@deepseek-ai/dsh-system-prompt@0.1.5-rc.1(@deepseek-ai/cordis@4.0.2)(@deepseek-ai/dsh-invariants@0.1.5-rc.1(@deepseek-ai/cordis@4.0.2))(@deepseek-ai/dsh-llm@0.1.5-rc.1(@deepseek-ai/cordis@4.0.2))(@deepseek-ai/dsh-scope@0.1.5-rc.1(@deepseek-ai/cordis@4.0.2)(@deepseek-ai/dsh-invariants@0.1.5-rc.1(@deepseek-ai/cordis@4.0.2)))':
    dependencies:
      '@deepseek-ai/cordis': 4.0.2
      '@deepseek-ai/dsh-invariants': 0.1.5-rc.1(@deepseek-ai/cordis@4.0.2)
      '@deepseek-ai/dsh-llm': 0.1.5-rc.1(@deepseek-ai/cordis@4.0.2)
      '@deepseek-ai/dsh-scope': 0.1.5-rc.1(@deepseek-ai/cordis@4.0.2)(@deepseek-ai/dsh-invariants@0.1.5-rc.1(@deepseek-ai/cordis@4.0.2))
      '@deepseek-ai/schemastery': 3.18.2

  '@deepseek-ai/dsh-timeout@0.1.5-rc.1(@deepseek-ai/cordis@4.0.2)':
    dependencies:
      '@deepseek-ai/cordis': 4.0.2

  '@deepseek-ai/dsh-tools@0.1.5-rc.1(42bef068bdb77cea11b81bec106cd1d1)':
    dependencies:
      '@deepseek-ai/cordis': 4.0.2
      '@deepseek-ai/dsh-agent': 0.1.5-rc.1(011efc65c149ca53f6af28580be53483)
      '@deepseek-ai/dsh-brand': 0.1.5-rc.1(@deepseek-ai/cordis@4.0.2)
      '@deepseek-ai/dsh-code-runtime': 0.1.5-rc.1(@deepseek-ai/cordis@4.0.2)
      '@deepseek-ai/dsh-invariants': 0.1.5-rc.1(@deepseek-ai/cordis@4.0.2)
      '@deepseek-ai/dsh-llm': 0.1.5-rc.1(@deepseek-ai/cordis@4.0.2)
      '@deepseek-ai/dsh-scope': 0.1.5-rc.1(@deepseek-ai/cordis@4.0.2)(@deepseek-ai/dsh-invariants@0.1.5-rc.1(@deepseek-ai/cordis@4.0.2))
      '@deepseek-ai/dsh-session': 0.1.5-rc.1(@deepseek-ai/cordis@4.0.2)(@deepseek-ai/dsh-scope@0.1.5-rc.1(@deepseek-ai/cordis@4.0.2)(@deepseek-ai/dsh-invariants@0.1.5-rc.1(@deepseek-ai/cordis@4.0.2)))
      '@deepseek-ai/dsh-system-prompt': 0.1.5-rc.1(@deepseek-ai/cordis@4.0.2)(@deepseek-ai/dsh-invariants@0.1.5-rc.1(@deepseek-ai/cordis@4.0.2))(@deepseek-ai/dsh-llm@0.1.5-rc.1(@deepseek-ai/cordis@4.0.2))(@deepseek-ai/dsh-scope@0.1.5-rc.1(@deepseek-ai/cordis@4.0.2)(@deepseek-ai/dsh-invariants@0.1.5-rc.1(@deepseek-ai/cordis@4.0.2)))
      '@deepseek-ai/dsh-user-approval': 0.1.5-rc.1(@deepseek-ai/cordis@4.0.2)(@deepseek-ai/dsh-agent@0.1.5-rc.1(011efc65c149ca53f6af28580be53483))(@deepseek-ai/dsh-brand@0.1.5-rc.1(@deepseek-ai/cordis@4.0.2))(@deepseek-ai/dsh-invariants@0.1.5-rc.1(@deepseek-ai/cordis@4.0.2))(@deepseek-ai/dsh-llm@0.1.5-rc.1(@deepseek-ai/cordis@4.0.2))(@deepseek-ai/dsh-scope@0.1.5-rc.1(@deepseek-ai/cordis@4.0.2)(@deepseek-ai/dsh-invariants@0.1.5-rc.1(@deepseek-ai/cordis@4.0.2)))(@deepseek-ai/dsh-session@0.1.5-rc.1(@deepseek-ai/cordis@4.0.2)(@deepseek-ai/dsh-scope@0.1.5-rc.1(@deepseek-ai/cordis@4.0.2)(@deepseek-ai/dsh-invariants@0.1.5-rc.1(@deepseek-ai/cordis@4.0.2))))(@deepseek-ai/dsh-system-prompt@0.1.5-rc.1(@deepseek-ai/cordis@4.0.2)(@deepseek-ai/dsh-invariants@0.1.5-rc.1(@deepseek-ai/cordis@4.0.2))(@deepseek-ai/dsh-llm@0.1.5-rc.1(@deepseek-ai/cordis@4.0.2))(@deepseek-ai/dsh-scope@0.1.5-rc.1(@deepseek-ai/cordis@4.0.2)(@deepseek-ai/dsh-invariants@0.1.5-rc.1(@deepseek-ai/cordis@4.0.2))))
      '@deepseek-ai/dsh-util-values': 0.1.5-rc.1(@deepseek-ai/cordis@4.0.2)
      '@deepseek-ai/schemastery': 3.18.2

  '@deepseek-ai/dsh-typert-protocol@0.1.5-rc.1(@deepseek-ai/cordis@4.0.2)':
    dependencies:
      '@deepseek-ai/cordis': 4.0.2

  '@deepseek-ai/dsh-user-approval@0.1.5-rc.1(@deepseek-ai/cordis@4.0.2)(@deepseek-ai/dsh-agent@0.1.5-rc.1(011efc65c149ca53f6af28580be53483))(@deepseek-ai/dsh-brand@0.1.5-rc.1(@deepseek-ai/cordis@4.0.2))(@deepseek-ai/dsh-invariants@0.1.5-rc.1(@deepseek-ai/cordis@4.0.2))(@deepseek-ai/dsh-llm@0.1.5-rc.1(@deepseek-ai/cordis@4.0.2))(@deepseek-ai/dsh-scope@0.1.5-rc.1(@deepseek-ai/cordis@4.0.2)(@deepseek-ai/dsh-invariants@0.1.5-rc.1(@deepseek-ai/cordis@4.0.2)))(@deepseek-ai/dsh-session@0.1.5-rc.1(@deepseek-ai/cordis@4.0.2)(@deepseek-ai/dsh-scope@0.1.5-rc.1(@deepseek-ai/cordis@4.0.2)(@deepseek-ai/dsh-invariants@0.1.5-rc.1(@deepseek-ai/cordis@4.0.2))))(@deepseek-ai/dsh-system-prompt@0.1.5-rc.1(@deepseek-ai/cordis@4.0.2)(@deepseek-ai/dsh-invariants@0.1.5-rc.1(@deepseek-ai/cordis@4.0.2))(@deepseek-ai/dsh-llm@0.1.5-rc.1(@deepseek-ai/cordis@4.0.2))(@deepseek-ai/dsh-scope@0.1.5-rc.1(@deepseek-ai/cordis@4.0.2)(@deepseek-ai/dsh-invariants@0.1.5-rc.1(@deepseek-ai/cordis@4.0.2))))':
    dependencies:
      '@deepseek-ai/cordis': 4.0.2
      '@deepseek-ai/dsh-agent': 0.1.5-rc.1(011efc65c149ca53f6af28580be53483)
      '@deepseek-ai/dsh-brand': 0.1.5-rc.1(@deepseek-ai/cordis@4.0.2)
      '@deepseek-ai/dsh-invariants': 0.1.5-rc.1(@deepseek-ai/cordis@4.0.2)
      '@deepseek-ai/dsh-llm': 0.1.5-rc.1(@deepseek-ai/cordis@4.0.2)
      '@deepseek-ai/dsh-scope': 0.1.5-rc.1(@deepseek-ai/cordis@4.0.2)(@deepseek-ai/dsh-invariants@0.1.5-rc.1(@deepseek-ai/cordis@4.0.2))
      '@deepseek-ai/dsh-session': 0.1.5-rc.1(@deepseek-ai/cordis@4.0.2)(@deepseek-ai/dsh-scope@0.1.5-rc.1(@deepseek-ai/cordis@4.0.2)(@deepseek-ai/dsh-invariants@0.1.5-rc.1(@deepseek-ai/cordis@4.0.2)))
      '@deepseek-ai/dsh-system-prompt': 0.1.5-rc.1(@deepseek-ai/cordis@4.0.2)(@deepseek-ai/dsh-invariants@0.1.5-rc.1(@deepseek-ai/cordis@4.0.2))(@deepseek-ai/dsh-llm@0.1.5-rc.1(@deepseek-ai/cordis@4.0.2))(@deepseek-ai/dsh-scope@0.1.5-rc.1(@deepseek-ai/cordis@4.0.2)(@deepseek-ai/dsh-invariants@0.1.5-rc.1(@deepseek-ai/cordis@4.0.2)))
      '@deepseek-ai/schemastery': 3.18.2

  '@deepseek-ai/dsh-util-crypto@0.1.5-rc.1(@deepseek-ai/cordis@4.0.2)':
    dependencies:
      '@deepseek-ai/cordis': 4.0.2

  '@deepseek-ai/dsh-util-values@0.1.5-rc.1(@deepseek-ai/cordis@4.0.2)':
    dependencies:
      '@deepseek-ai/cordis': 4.0.2

  '@deepseek-ai/schemastery@3.18.2':
    dependencies:
      '@deepseek-ai/cosmokit': 1.8.3
      '@standard-schema/spec': 1.1.0

  '@oxfmt/binding-android-arm-eabi@0.47.0':
    optional: true

  '@oxfmt/binding-android-arm64@0.47.0':
    optional: true

  '@oxfmt/binding-darwin-arm64@0.47.0':
    optional: true

  '@oxfmt/binding-darwin-x64@0.47.0':
    optional: true

  '@oxfmt/binding-freebsd-x64@0.47.0':
    optional: true

  '@oxfmt/binding-linux-arm-gnueabihf@0.47.0':
    optional: true

  '@oxfmt/binding-linux-arm-musleabihf@0.47.0':
    optional: true

  '@oxfmt/binding-linux-arm64-gnu@0.47.0':
    optional: true

  '@oxfmt/binding-linux-arm64-musl@0.47.0':
    optional: true

  '@oxfmt/binding-linux-ppc64-gnu@0.47.0':
    optional: true

  '@oxfmt/binding-linux-riscv64-gnu@0.47.0':
    optional: true

  '@oxfmt/binding-linux-riscv64-musl@0.47.0':
    optional: true

  '@oxfmt/binding-linux-s390x-gnu@0.47.0':
    optional: true

  '@oxfmt/binding-linux-x64-gnu@0.47.0':
    optional: true

  '@oxfmt/binding-linux-x64-musl@0.47.0':
    optional: true

  '@oxfmt/binding-openharmony-arm64@0.47.0':
    optional: true

  '@oxfmt/binding-win32-arm64-msvc@0.47.0':
    optional: true

  '@oxfmt/binding-win32-ia32-msvc@0.47.0':
    optional: true

  '@oxfmt/binding-win32-x64-msvc@0.47.0':
    optional: true

  '@oxlint/binding-android-arm-eabi@1.78.0':
    optional: true

  '@oxlint/binding-android-arm64@1.78.0':
    optional: true

  '@oxlint/binding-darwin-arm64@1.78.0':
    optional: true

  '@oxlint/binding-darwin-x64@1.78.0':
    optional: true

  '@oxlint/binding-freebsd-x64@1.78.0':
    optional: true

  '@oxlint/binding-linux-arm-gnueabihf@1.78.0':
    optional: true

  '@oxlint/binding-linux-arm-musleabihf@1.78.0':
    optional: true

  '@oxlint/binding-linux-arm64-gnu@1.78.0':
    optional: true

  '@oxlint/binding-linux-arm64-musl@1.78.0':
    optional: true

  '@oxlint/binding-linux-ppc64-gnu@1.78.0':
    optional: true

  '@oxlint/binding-linux-riscv64-gnu@1.78.0':
    optional: true

  '@oxlint/binding-linux-riscv64-musl@1.78.0':
    optional: true

  '@oxlint/binding-linux-s390x-gnu@1.78.0':
    optional: true

  '@oxlint/binding-linux-x64-gnu@1.78.0':
    optional: true

  '@oxlint/binding-linux-x64-musl@1.78.0':
    optional: true

  '@oxlint/binding-openharmony-arm64@1.78.0':
    optional: true

  '@oxlint/binding-win32-arm64-msvc@1.78.0':
    optional: true

  '@oxlint/binding-win32-ia32-msvc@1.78.0':
    optional: true

  '@oxlint/binding-win32-x64-msvc@1.78.0':
    optional: true

  '@standard-schema/spec@1.1.0': {}

  '@types/node@26.2.0':
    dependencies:
      undici-types: 8.3.0

  oxfmt@0.47.0:
    dependencies:
      tinypool: 2.1.0
    optionalDependencies:
      '@oxfmt/binding-android-arm-eabi': 0.47.0
      '@oxfmt/binding-android-arm64': 0.47.0
      '@oxfmt/binding-darwin-arm64': 0.47.0
      '@oxfmt/binding-darwin-x64': 0.47.0
      '@oxfmt/binding-freebsd-x64': 0.47.0
      '@oxfmt/binding-linux-arm-gnueabihf': 0.47.0
      '@oxfmt/binding-linux-arm-musleabihf': 0.47.0
      '@oxfmt/binding-linux-arm64-gnu': 0.47.0
      '@oxfmt/binding-linux-arm64-musl': 0.47.0
      '@oxfmt/binding-linux-ppc64-gnu': 0.47.0
      '@oxfmt/binding-linux-riscv64-gnu': 0.47.0
      '@oxfmt/binding-linux-riscv64-musl': 0.47.0
      '@oxfmt/binding-linux-s390x-gnu': 0.47.0
      '@oxfmt/binding-linux-x64-gnu': 0.47.0
      '@oxfmt/binding-linux-x64-musl': 0.47.0
      '@oxfmt/binding-openharmony-arm64': 0.47.0
      '@oxfmt/binding-win32-arm64-msvc': 0.47.0
      '@oxfmt/binding-win32-ia32-msvc': 0.47.0
      '@oxfmt/binding-win32-x64-msvc': 0.47.0

  oxlint@1.78.0:
    optionalDependencies:
      '@oxlint/binding-android-arm-eabi': 1.78.0
      '@oxlint/binding-android-arm64': 1.78.0
      '@oxlint/binding-darwin-arm64': 1.78.0
      '@oxlint/binding-darwin-x64': 1.78.0
      '@oxlint/binding-freebsd-x64': 1.78.0
      '@oxlint/binding-linux-arm-gnueabihf': 1.78.0
      '@oxlint/binding-linux-arm-musleabihf': 1.78.0
      '@oxlint/binding-linux-arm64-gnu': 1.78.0
      '@oxlint/binding-linux-arm64-musl': 1.78.0
      '@oxlint/binding-linux-ppc64-gnu': 1.78.0
      '@oxlint/binding-linux-riscv64-gnu': 1.78.0
      '@oxlint/binding-linux-riscv64-musl': 1.78.0
      '@oxlint/binding-linux-s390x-gnu': 1.78.0
      '@oxlint/binding-linux-x64-gnu': 1.78.0
      '@oxlint/binding-linux-x64-musl': 1.78.0
      '@oxlint/binding-openharmony-arm64': 1.78.0
      '@oxlint/binding-win32-arm64-msvc': 1.78.0
      '@oxlint/binding-win32-ia32-msvc': 1.78.0
      '@oxlint/binding-win32-x64-msvc': 1.78.0

  tinypool@2.1.0: {}

  typescript@5.9.3: {}

  undici-types@8.3.0: {}

  undici@8.10.2: {}

  zod@4.5.4: {}
