lockfileVersion: '9.0'

settings:
  autoInstallPeers: false
  excludeLinksFromLockfile: false

importers:

  .:
    dependencies:
      '@dsh-tui/dsh-tui':
        specifier: ^0.1.2
        version: 0.1.2
      '@qw457812/dsh-pi-prompts':
        specifier: ^0.1.2
        version: 0.1.2
      dsh-codex:
        specifier: ^0.2.4
        version: 0.2.4

packages:

  '@dsh-tui/dsh-tui@0.1.2':
    resolution: {integrity: sha512-nbxryAR+OvwxEcbaJJwEJODPXe2Aknx+FHKXsi/mWfDu3NGOkAAD2C35X0odfCsTkiVCIrt0QiWZ7w4qUhH2Jg==}
    engines: {node: ^22.19 || >=24}
    peerDependencies:
      '@deepseek-ai/cordis': ^4.0.1
      '@deepseek-ai/cordis-plugin-loader': ^1.0.0-rc.5
      '@deepseek-ai/dsh-agent': ^0.1.0-rc.6
      '@deepseek-ai/dsh-agent-loop': ^0.1.0-rc.6
      '@deepseek-ai/dsh-cmdline': ^0.1.0-rc.6
      '@deepseek-ai/dsh-commands': ^0.1.0-rc.6
      '@deepseek-ai/dsh-compaction': ^0.1.0-rc.6
      '@deepseek-ai/dsh-goal': ^0.1.0-rc.6
      '@deepseek-ai/dsh-invariants': ^0.1.0-rc.6
      '@deepseek-ai/dsh-llm': ^0.1.0-rc.6
      '@deepseek-ai/dsh-llm-retry': ^0.1.0-rc.6
      '@deepseek-ai/dsh-session': ^0.1.0-rc.6
      '@deepseek-ai/dsh-session-persistence': ^0.1.0-rc.6
      '@deepseek-ai/dsh-session-projection': ^0.1.0-rc.6
      '@deepseek-ai/dsh-session-projection-cache': ^0.1.0-rc.6
      '@deepseek-ai/dsh-session-query': ^0.1.0-rc.6
      '@deepseek-ai/dsh-session-reference': ^0.1.0-rc.6
      '@deepseek-ai/dsh-session-title': ^0.1.0-rc.6
      '@deepseek-ai/dsh-skill': ^0.1.0-rc.6
      '@deepseek-ai/dsh-subprocess': ^0.1.0-rc.6
      '@deepseek-ai/dsh-system-prompt': ^0.1.0-rc.6
      '@deepseek-ai/dsh-token-meter': ^0.1.0-rc.6
      '@deepseek-ai/dsh-tool-cordis': ^0.1.0-rc.6
      '@deepseek-ai/dsh-tool-workflow': ^0.1.0-rc.6
      '@deepseek-ai/dsh-tools': ^0.1.0-rc.6
      '@deepseek-ai/dsh-user-approval': ^0.1.0-rc.6
      '@deepseek-ai/dsh-user-questions': ^0.1.0-rc.6
      '@deepseek-ai/schemastery': ^3.18.1
    peerDependenciesMeta:
      '@deepseek-ai/dsh-session-persistence':
        optional: true
      '@deepseek-ai/dsh-session-query':
        optional: true
      '@deepseek-ai/dsh-skill':
        optional: true

  '@qw457812/dsh-pi-prompts@0.1.2':
    resolution: {integrity: sha512-rCbWKE46cmdbHX7A5AQJnHSRtWX6vU6qMwolcqeD3kQGEKeOUz0r5dnxox80GKw5UFJCxQaX1na5UP+7YPeiQQ==}
    engines: {node: ^22.19.0 || >=24.0.0}
    peerDependencies:
      '@deepseek-ai/cordis': ^4.0.1
      '@deepseek-ai/dsh-commands': ^0.1.0-rc.7
      '@deepseek-ai/dsh-llm': ^0.1.0-rc.7

  commander@14.0.3:
    resolution: {integrity: sha512-H+y0Jo/T1RZ9qPP4Eh1pkcQcLRglraJaSLoyOtHxu6AapkjWVCy2Sit1QQ4x3Dng8qDlSsZEet7g5Pq06MvTgw==}
    engines: {node: '>=20'}

  diff@9.0.0:
    resolution: {integrity: sha512-svtcdpS8CgJyqAjEQIXdb3OjhFVVYjzGAPO8WGCmRbrml64SPw/jJD4GoE98aR7r25A0XcgrK3F02yw9R/vhQw==}
    engines: {node: '>=0.3.1'}

  dsh-codex@0.2.4:
    resolution: {integrity: sha512-q+tLsrQHCYicqqAFrhkz34wxDmvAUjsm6t0KkjIedAYJ9IWotDVIhXjZCAiV+Vt+SlC6t/faLyQD0c/lpF40NA==}
    hasBin: true
    peerDependencies:
      '@deepseek-ai/cordis': ^4.0.1-rc.1
      '@deepseek-ai/dsh-agent': ^0.1.0-rc.6
      '@deepseek-ai/dsh-atomic-write': ^0.1.0-rc.6
      '@deepseek-ai/dsh-attachment': ^0.1.0-rc.6
      '@deepseek-ai/dsh-commands': ^0.1.0-rc.6
      '@deepseek-ai/dsh-fs': ^0.1.0-rc.6
      '@deepseek-ai/dsh-home-paths': ^0.1.0-rc.6
      '@deepseek-ai/dsh-host-webserver': ^0.1.0-rc.6
      '@deepseek-ai/dsh-invariants': ^0.1.0-rc.6
      '@deepseek-ai/dsh-llm': ^0.1.0-rc.6
      '@deepseek-ai/dsh-llm-pi-ai': ^0.1.0-rc.6
      '@deepseek-ai/dsh-session': ^0.1.0-rc.6
      '@deepseek-ai/dsh-settings': ^0.1.0-rc.6
      '@deepseek-ai/dsh-tools': ^0.1.0-rc.6
      '@deepseek-ai/dsh-web': ^0.1.0-rc.6
      '@deepseek-ai/schemastery': ^3.18.1-rc.1
      '@earendil-works/pi-ai': ^0.82.1
      react: ^18.2.0
      react-dom: ^18.2.0

  get-east-asian-width@1.6.0:
    resolution: {integrity: sha512-QRbvDIbx6YklUe6RxeTeleMR0yv3cYH6PsPZHcnVn7xv7zO1BHN8r0XETu8n6Ye3Q+ahtSarc3WgtNWmehIBfA==}
    engines: {node: '>=18'}

  marked@18.0.5:
    resolution: {integrity: sha512-S6GcvALHg6K4ohtu4E7x0a1AqhAjp6cV8KhLSyN9qVapnzJkusVBxZRcIU9AeYsbe6P1hKDusSbEOzGyyuce6w==}
    engines: {node: '>= 20'}
    hasBin: true

  saxes@6.0.0:
    resolution: {integrity: sha512-xAg7SOnEhrm5zI3puOOKyy1OMcMlIJZYNJY7xLBwSze0UjhPLnWfj2GF2EpT0jmzaJKIWKHLsaSSajf35bcYnA==}
    engines: {node: '>=v12.22.7'}

  xmlchars@2.2.0:
    resolution: {integrity: sha512-JZnDKK8B0RCDw84FNdDAIpZK+JuJw+s7Lz8nksI7SIuU3UXJJslUthsi+uWBUYOwPFwW7W7PRLRfUKpxjtjFCw==}

  yaml@2.9.0:
    resolution: {integrity: sha512-2AvhNX3mb8zd6Zy7INTtSpl1F15HW6Wnqj0srWlkKLcpYl/gMIMJiyuGq2KeI2YFxUPjdlB+3Lc10seMLtL4cA==}
    engines: {node: '>= 14.6'}
    hasBin: true

snapshots:

  '@dsh-tui/dsh-tui@0.1.2':
    dependencies:
      commander: 14.0.3
      diff: 9.0.0
      get-east-asian-width: 1.6.0
      marked: 18.0.5
      saxes: 6.0.0

  '@qw457812/dsh-pi-prompts@0.1.2':
    dependencies:
      yaml: 2.9.0

  commander@14.0.3: {}

  diff@9.0.0: {}

  dsh-codex@0.2.4: {}

  get-east-asian-width@1.6.0: {}

  marked@18.0.5: {}

  saxes@6.0.0:
    dependencies:
      xmlchars: 2.2.0

  xmlchars@2.2.0: {}

  yaml@2.9.0: {}
